// !$*UTF8*$!
{
	archiveVersion = 1;
	classes = {
	};
	objectVersion = 50;
	objects = {

/* Begin PBXBuildFile section */
		4B4A3835253D6D1F00726323 /* watchOSPlayground WatchKit App.app in Embed Watch Content */ = {isa = PBXBuildFile; fileRef = 4B4A3834253D6D1F00726323 /* watchOSPlayground WatchKit App.app */; settings = {ATTRIBUTES = (RemoveHeadersOnCopy, ); }; };
		4B4A383A253D6D2100726323 /* Assets.xcassets in Resources */ = {isa = PBXBuildFile; fileRef = 4B4A3839253D6D2100726323 /* Assets.xcassets */; };
		4B4A3841253D6D2100726323 /* watchOSPlayground WatchKit Extension.appex in Embed App Extensions */ = {isa = PBXBuildFile; fileRef = 4B4A3840253D6D2100726323 /* watchOSPlayground WatchKit Extension.appex */; settings = {ATTRIBUTES = (RemoveHeadersOnCopy, ); }; };
		4B4A3846253D6D2100726323 /* watchOSPlaygroundApp.swift in Sources */ = {isa = PBXBuildFile; fileRef = 4B4A3845253D6D2100726323 /* watchOSPlaygroundApp.swift */; };
		4B4A3848253D6D2100726323 /* ContentView.swift in Sources */ = {isa = PBXBuildFile; fileRef = 4B4A3847253D6D2100726323 /* ContentView.swift */; };
		4B4A384A253D6D2100726323 /* NotificationController.swift in Sources */ = {isa = PBXBuildFile; fileRef = 4B4A3849253D6D2100726323 /* NotificationController.swift */; };
		4B4A384C253D6D2100726323 /* NotificationView.swift in Sources */ = {isa = PBXBuildFile; fileRef = 4B4A384B253D6D2100726323 /* NotificationView.swift */; };
		4B4A384E253D6D2100726323 /* ComplicationController.swift in Sources */ = {isa = PBXBuildFile; fileRef = 4B4A384D253D6D2100726323 /* ComplicationController.swift */; };
		4B4A3850253D6D2200726323 /* Assets.xcassets in Resources */ = {isa = PBXBuildFile; fileRef = 4B4A384F253D6D2200726323 /* Assets.xcassets */; };
		4B4A3853253D6D2200726323 /* Preview Assets.xcassets in Resources */ = {isa = PBXBuildFile; fileRef = 4B4A3852253D6D2200726323 /* Preview Assets.xcassets */; };
/* End PBXBuildFile section */

/* Begin PBXContainerItemProxy section */
		4B4A3836253D6D1F00726323 /* PBXContainerItemProxy */ = {
			isa = PBXContainerItemProxy;
			containerPortal = 4B4A382A253D6D1F00726323 /* Project object */;
			proxyType = 1;
			remoteGlobalIDString = 4B4A3833253D6D1F00726323;
			remoteInfo = "watchOSPlayground WatchKit App";
		};
		4B4A3842253D6D2100726323 /* PBXContainerItemProxy */ = {
			isa = PBXContainerItemProxy;
			containerPortal = 4B4A382A253D6D1F00726323 /* Project object */;
			proxyType = 1;
			remoteGlobalIDString = 4B4A383F253D6D2100726323;
			remoteInfo = "watchOSPlayground WatchKit Extension";
		};
/* End PBXContainerItemProxy section */

/* Begin PBXCopyFilesBuildPhase section */
		4B4A385B253D6D2200726323 /* Embed App Extensions */ = {
			isa = PBXCopyFilesBuildPhase;
			buildActionMask = 2147483647;
			dstPath = "";
			dstSubfolderSpec = 13;
			files = (
				4B4A3841253D6D2100726323 /* watchOSPlayground WatchKit Extension.appex in Embed App Extensions */,
			);
			name = "Embed App Extensions";
			runOnlyForDeploymentPostprocessing = 0;
		};
		4B4A385F253D6D2200726323 /* Embed Watch Content */ = {
			isa = PBXCopyFilesBuildPhase;
			buildActionMask = 2147483647;
			dstPath = "$(CONTENTS_FOLDER_PATH)/Watch";
			dstSubfolderSpec = 16;
			files = (
				4B4A3835253D6D1F00726323 /* watchOSPlayground WatchKit App.app in Embed Watch Content */,
			);
			name = "Embed Watch Content";
			runOnlyForDeploymentPostprocessing = 0;
		};
/* End PBXCopyFilesBuildPhase section */

/* Begin PBXFileReference section */
		4B4A3830253D6D1F00726323 /* watchOSPlayground.app */ = {isa = PBXFileReference; explicitFileType = wrapper.application; includeInIndex = 0; path = watchOSPlayground.app; sourceTree = BUILT_PRODUCTS_DIR; };
		4B4A3834253D6D1F00726323 /* watchOSPlayground WatchKit App.app */ = {isa = PBXFileReference; explicitFileType = wrapper.application; includeInIndex = 0; path = "watchOSPlayground WatchKit App.app"; sourceTree = BUILT_PRODUCTS_DIR; };
		4B4A3839253D6D2100726323 /* Assets.xcassets */ = {isa = PBXFileReference; lastKnownFileType = folder.assetcatalog; path = Assets.xcassets; sourceTree = "<group>"; };
		4B4A383B253D6D2100726323 /* Info.plist */ = {isa = PBXFileReference; lastKnownFileType = text.plist.xml; path = Info.plist; sourceTree = "<group>"; };
		4B4A3840253D6D2100726323 /* watchOSPlayground WatchKit Extension.appex */ = {isa = PBXFileReference; explicitFileType = "wrapper.app-extension"; includeInIndex = 0; path = "watchOSPlayground WatchKit Extension.appex"; sourceTree = BUILT_PRODUCTS_DIR; };
		4B4A3845253D6D2100726323 /* watchOSPlaygroundApp.swift */ = {isa = PBXFileReference; lastKnownFileType = sourcecode.swift; path = watchOSPlaygroundApp.swift; sourceTree = "<group>"; };
		4B4A3847253D6D2100726323 /* ContentView.swift */ = {isa = PBXFileReference; lastKnownFileType = sourcecode.swift; path = ContentView.swift; sourceTree = "<group>"; };
		4B4A3849253D6D2100726323 /* NotificationController.swift */ = {isa = PBXFileReference; lastKnownFileType = sourcecode.swift; path = NotificationController.swift; sourceTree = "<group>"; };
		4B4A384B253D6D2100726323 /* NotificationView.swift */ = {isa = PBXFileReference; lastKnownFileType = sourcecode.swift; path = NotificationView.swift; sourceTree = "<group>"; };
		4B4A384D253D6D2100726323 /* ComplicationController.swift */ = {isa = PBXFileReference; lastKnownFileType = sourcecode.swift; path = ComplicationController.swift; sourceTree = "<group>"; };
		4B4A384F253D6D2200726323 /* Assets.xcassets */ = {isa = PBXFileReference; lastKnownFileType = folder.assetcatalog; path = Assets.xcassets; sourceTree = "<group>"; };
		4B4A3852253D6D2200726323 /* Preview Assets.xcassets */ = {isa = PBXFileReference; lastKnownFileType = folder.assetcatalog; path = "Preview Assets.xcassets"; sourceTree = "<group>"; };
		4B4A3854253D6D2200726323 /* Info.plist */ = {isa = PBXFileReference; lastKnownFileType = text.plist.xml; path = Info.plist; sourceTree = "<group>"; };
		4B4A3855253D6D2200726323 /* PushNotificationPayload.apns */ = {isa = PBXFileReference; lastKnownFileType = text; path = PushNotificationPayload.apns; sourceTree = "<group>"; };
/* End PBXFileReference section */

/* Begin PBXFrameworksBuildPhase section */
		4B4A383D253D6D2100726323 /* Frameworks */ = {
			isa = PBXFrameworksBuildPhase;
			buildActionMask = 2147483647;
			files = (
			);
			runOnlyForDeploymentPostprocessing = 0;
		};
/* End PBXFrameworksBuildPhase section */

/* Begin PBXGroup section */
		4B4A3829253D6D1F00726323 = {
			isa = PBXGroup;
			children = (
				4B4A3838253D6D1F00726323 /* watchOSPlayground WatchKit App */,
				4B4A3844253D6D2100726323 /* watchOSPlayground WatchKit Extension */,
				4B4A3831253D6D1F00726323 /* Products */,
			);
			sourceTree = "<group>";
		};
		4B4A3831253D6D1F00726323 /* Products */ = {
			isa = PBXGroup;
			children = (
				4B4A3830253D6D1F00726323 /* watchOSPlayground.app */,
				4B4A3834253D6D1F00726323 /* watchOSPlayground WatchKit App.app */,
				4B4A3840253D6D2100726323 /* watchOSPlayground WatchKit Extension.appex */,
			);
			name = Products;
			sourceTree = "<group>";
		};
		4B4A3838253D6D1F00726323 /* watchOSPlayground WatchKit App */ = {
			isa = PBXGroup;
			children = (
				4B4A3839253D6D2100726323 /* Assets.xcassets */,
				4B4A383B253D6D2100726323 /* Info.plist */,
			);
			path = "watchOSPlayground WatchKit App";
			sourceTree = "<group>";
		};
		4B4A3844253D6D2100726323 /* watchOSPlayground WatchKit Extension */ = {
			isa = PBXGroup;
			children = (
				4B4A3845253D6D2100726323 /* watchOSPlaygroundApp.swift */,
				4B4A3847253D6D2100726323 /* ContentView.swift */,
				4B4A3849253D6D2100726323 /* NotificationController.swift */,
				4B4A384B253D6D2100726323 /* NotificationView.swift */,
				4B4A384D253D6D2100726323 /* ComplicationController.swift */,
				4B4A384F253D6D2200726323 /* Assets.xcassets */,
				4B4A3854253D6D2200726323 /* Info.plist */,
				4B4A3855253D6D2200726323 /* PushNotificationPayload.apns */,
				4B4A3851253D6D2200726323 /* Preview Content */,
			);
			path = "watchOSPlayground WatchKit Extension";
			sourceTree = "<group>";
		};
		4B4A3851253D6D2200726323 /* Preview Content */ = {
			isa = PBXGroup;
			children = (
				4B4A3852253D6D2200726323 /* Preview Assets.xcassets */,
			);
			path = "Preview Content";
			sourceTree = "<group>";
		};
/* End PBXGroup section */

/* Begin PBXNativeTarget section */
		4B4A382F253D6D1F00726323 /* watchOSPlayground */ = {
			isa = PBXNativeTarget;
			buildConfigurationList = 4B4A3860253D6D2200726323 /* Build configuration list for PBXNativeTarget "watchOSPlayground" */;
			buildPhases = (
				4B4A382E253D6D1F00726323 /* Resources */,
				4B4A385F253D6D2200726323 /* Embed Watch Content */,
			);
			buildRules = (
			);
			dependencies = (
				4B4A3837253D6D1F00726323 /* PBXTargetDependency */,
			);
			name = watchOSPlayground;
			productName = watchOSPlayground;
			productReference = 4B4A3830253D6D1F00726323 /* watchOSPlayground.app */;
			productType = "com.apple.product-type.application.watchapp2-container";
		};
		4B4A3833253D6D1F00726323 /* watchOSPlayground WatchKit App */ = {
			isa = PBXNativeTarget;
			buildConfigurationList = 4B4A385C253D6D2200726323 /* Build configuration list for PBXNativeTarget "watchOSPlayground WatchKit App" */;
			buildPhases = (
				4B4A3832253D6D1F00726323 /* Resources */,
				4B4A385B253D6D2200726323 /* Embed App Extensions */,
			);
			buildRules = (
			);
			dependencies = (
				4B4A3843253D6D2100726323 /* PBXTargetDependency */,
			);
			name = "watchOSPlayground WatchKit App";
			productName = "watchOSPlayground WatchKit App";
			productReference = 4B4A3834253D6D1F00726323 /* watchOSPlayground WatchKit App.app */;
			productType = "com.apple.product-type.application.watchapp2";
		};
		4B4A383F253D6D2100726323 /* watchOSPlayground WatchKit Extension */ = {
			isa = PBXNativeTarget;
			buildConfigurationList = 4B4A3858253D6D2200726323 /* Build configuration list for PBXNativeTarget "watchOSPlayground WatchKit Extension" */;
			buildPhases = (
				4B4A383C253D6D2100726323 /* Sources */,
				4B4A383D253D6D2100726323 /* Frameworks */,
				4B4A383E253D6D2100726323 /* Resources */,
			);
			buildRules = (
			);
			dependencies = (
			);
			name = "watchOSPlayground WatchKit Extension";
			productName = "watchOSPlayground WatchKit Extension";
			productReference = 4B4A3840253D6D2100726323 /* watchOSPlayground WatchKit Extension.appex */;
			productType = "com.apple.product-type.watchkit2-extension";
		};
/* End PBXNativeTarget section */

/* Begin PBXProject section */
		4B4A382A253D6D1F00726323 /* Project object */ = {
			isa = PBXProject;
			attributes = {
				LastSwiftUpdateCheck = 1200;
				LastUpgradeCheck = 1200;
				TargetAttributes = {
					4B4A382F253D6D1F00726323 = {
						CreatedOnToolsVersion = 12.0.1;
					};
					4B4A3833253D6D1F00726323 = {
						CreatedOnToolsVersion = 12.0.1;
					};
					4B4A383F253D6D2100726323 = {
						CreatedOnToolsVersion = 12.0.1;
					};
				};
			};
			buildConfigurationList = 4B4A382D253D6D1F00726323 /* Build configuration list for PBXProject "watchOSPlayground" */;
			compatibilityVersion = "Xcode 9.3";
			developmentRegion = en;
			hasScannedForEncodings = 0;
			knownRegions = (
				en,
				Base,
			);
			mainGroup = 4B4A3829253D6D1F00726323;
			productRefGroup = 4B4A3831253D6D1F00726323 /* Products */;
			projectDirPath = "";
			projectRoot = "";
			targets = (
				4B4A382F253D6D1F00726323 /* watchOSPlayground */,
				4B4A3833253D6D1F00726323 /* watchOSPlayground WatchKit App */,
				4B4A383F253D6D2100726323 /* watchOSPlayground WatchKit Extension */,
			);
		};
/* End PBXProject section */

/* Begin PBXResourcesBuildPhase section */
		4B4A382E253D6D1F00726323 /* Resources */ = {
			isa = PBXResourcesBuildPhase;
			buildActionMask = 2147483647;
			files = (
			);
			runOnlyForDeploymentPostprocessing = 0;
		};
		4B4A3832253D6D1F00726323 /* Resources */ = {
			isa = PBXResourcesBuildPhase;
			buildActionMask = 2147483647;
			files = (
				4B4A383A253D6D2100726323 /* Assets.xcassets in Resources */,
			);
			runOnlyForDeploymentPostprocessing = 0;
		};
		4B4A383E253D6D2100726323 /* Resources */ = {
			isa = PBXResourcesBuildPhase;
			buildActionMask = 2147483647;
			files = (
				4B4A3853253D6D2200726323 /* Preview Assets.xcassets in Resources */,
				4B4A3850253D6D2200726323 /* Assets.xcassets in Resources */,
			);
			runOnlyForDeploymentPostprocessing = 0;
		};
/* End PBXResourcesBuildPhase section */

/* Begin PBXSourcesBuildPhase section */
		4B4A383C253D6D2100726323 /* Sources */ = {
			isa = PBXSourcesBuildPhase;
			buildActionMask = 2147483647;
			files = (
				4B4A384A253D6D2100726323 /* NotificationController.swift in Sources */,
				4B4A3848253D6D2100726323 /* ContentView.swift in Sources */,
				4B4A384E253D6D2100726323 /* ComplicationController.swift in Sources */,
				4B4A3846253D6D2100726323 /* watchOSPlaygroundApp.swift in Sources */,
				4B4A384C253D6D2100726323 /* NotificationView.swift in Sources */,
			);
			runOnlyForDeploymentPostprocessing = 0;
		};
/* End PBXSourcesBuildPhase section */

/* Begin PBXTargetDependency section */
		4B4A3837253D6D1F00726323 /* PBXTargetDependency */ = {
			isa = PBXTargetDependency;
			target = 4B4A3833253D6D1F00726323 /* watchOSPlayground WatchKit App */;
			targetProxy = 4B4A3836253D6D1F00726323 /* PBXContainerItemProxy */;
		};
		4B4A3843253D6D2100726323 /* PBXTargetDependency */ = {
			isa = PBXTargetDependency;
			target = 4B4A383F253D6D2100726323 /* watchOSPlayground WatchKit Extension */;
			targetProxy = 4B4A3842253D6D2100726323 /* PBXContainerItemProxy */;
		};
/* End PBXTargetDependency section */

/* Begin XCBuildConfiguration section */
		4B4A3856253D6D2200726323 /* Debug */ = {
			isa = XCBuildConfiguration;
			buildSettings = {
				ALWAYS_SEARCH_USER_PATHS = NO;
				CLANG_ANALYZER_NONNULL = YES;
				CLANG_ANALYZER_NUMBER_OBJECT_CONVERSION = YES_AGGRESSIVE;
				CLANG_CXX_LANGUAGE_STANDARD = "gnu++14";
				CLANG_CXX_LIBRARY = "libc++";
				CLANG_ENABLE_MODULES = YES;
				CLANG_ENABLE_OBJC_ARC = YES;
				CLANG_ENABLE_OBJC_WEAK = YES;
				CLANG_WARN_BLOCK_CAPTURE_AUTORELEASING = YES;
				CLANG_WARN_BOOL_CONVERSION = YES;
				CLANG_WARN_COMMA = YES;
				CLANG_WARN_CONSTANT_CONVERSION = YES;
				CLANG_WARN_DEPRECATED_OBJC_IMPLEMENTATIONS = YES;
				CLANG_WARN_DIRECT_OBJC_ISA_USAGE = YES_ERROR;
				CLANG_WARN_DOCUMENTATION_COMMENTS = YES;
				CLANG_WARN_EMPTY_BODY = YES;
				CLANG_WARN_ENUM_CONVERSION = YES;
				CLANG_WARN_INFINITE_RECURSION = YES;
				CLANG_WARN_INT_CONVERSION = YES;
				CLANG_WARN_NON_LITERAL_NULL_CONVERSION = YES;
				CLANG_WARN_OBJC_IMPLICIT_RETAIN_SELF = YES;
				CLANG_WARN_OBJC_LITERAL_CONVERSION = YES;
				CLANG_WARN_OBJC_ROOT_CLASS = YES_ERROR;
				CLANG_WARN_QUOTED_INCLUDE_IN_FRAMEWORK_HEADER = YES;
				CLANG_WARN_RANGE_LOOP_ANALYSIS = YES;
				CLANG_WARN_STRICT_PROTOTYPES = YES;
				CLANG_WARN_SUSPICIOUS_MOVE = YES;
				CLANG_WARN_UNGUARDED_AVAILABILITY = YES_AGGRESSIVE;
				CLANG_WARN_UNREACHABLE_CODE = YES;
				CLANG_WARN__DUPLICATE_METHOD_MATCH = YES;
				COPY_PHASE_STRIP = NO;
				DEBUG_INFORMATION_FORMAT = dwarf;
				ENABLE_STRICT_OBJC_MSGSEND = YES;
				ENABLE_TESTABILITY = YES;
				GCC_C_LANGUAGE_STANDARD = gnu11;
				GCC_DYNAMIC_NO_PIC = NO;
				GCC_NO_COMMON_BLOCKS = YES;
				GCC_OPTIMIZATION_LEVEL = 0;
				GCC_PREPROCESSOR_DEFINITIONS = (
					"DEBUG=1",
					"$(inherited)",
				);
				GCC_WARN_64_TO_32_BIT_CONVERSION = YES;
				GCC_WARN_ABOUT_RETURN_TYPE = YES_ERROR;
				GCC_WARN_UNDECLARED_SELECTOR = YES;
				GCC_WARN_UNINITIALIZED_AUTOS = YES_AGGRESSIVE;
				GCC_WARN_UNUSED_FUNCTION = YES;
				GCC_WARN_UNUSED_VARIABLE = YES;
				MTL_ENABLE_DEBUG_INFO = INCLUDE_SOURCE;
				MTL_FAST_MATH = YES;
				ONLY_ACTIVE_ARCH = YES;
				SDKROOT = iphoneos;
				SWIFT_ACTIVE_COMPILATION_CONDITIONS = DEBUG;
				SWIFT_OPTIMIZATION_LEVEL = "-Onone";
			};
			name = Debug;
		};
		4B4A3857253D6D2200726323 /* Release */ = {
			isa = XCBuildConfiguration;
			buildSettings = {
				ALWAYS_SEARCH_USER_PATHS = NO;
				CLANG_ANALYZER_NONNULL = YES;
				CLANG_ANALYZER_NUMBER_OBJECT_CONVERSION = YES_AGGRESSIVE;
				CLANG_CXX_LANGUAGE_STANDARD = "gnu++14";
				CLANG_CXX_LIBRARY = "libc++";
				CLANG_ENABLE_MODULES = YES;
				CLANG_ENABLE_OBJC_ARC = YES;
				CLANG_ENABLE_OBJC_WEAK = YES;
				CLANG_WARN_BLOCK_CAPTURE_AUTORELEASING = YES;
				CLANG_WARN_BOOL_CONVERSION = YES;
				CLANG_WARN_COMMA = YES;
				CLANG_WARN_CONSTANT_CONVERSION = YES;
				CLANG_WARN_DEPRECATED_OBJC_IMPLEMENTATIONS = YES;
				CLANG_WARN_DIRECT_OBJC_ISA_USAGE = YES_ERROR;
				CLANG_WARN_DOCUMENTATION_COMMENTS = YES;
				CLANG_WARN_EMPTY_BODY = YES;
				CLANG_WARN_ENUM_CONVERSION = YES;
				CLANG_WARN_INFINITE_RECURSION = YES;
				CLANG_WARN_INT_CONVERSION = YES;
				CLANG_WARN_NON_LITERAL_NULL_CONVERSION = YES;
				CLANG_WARN_OBJC_IMPLICIT_RETAIN_SELF = YES;
				CLANG_WARN_OBJC_LITERAL_CONVERSION = YES;
				CLANG_WARN_OBJC_ROOT_CLASS = YES_ERROR;
				CLANG_WARN_QUOTED_INCLUDE_IN_FRAMEWORK_HEADER = YES;
				CLANG_WARN_RANGE_LOOP_ANALYSIS = YES;
				CLANG_WARN_STRICT_PROTOTYPES = YES;
				CLANG_WARN_SUSPICIOUS_MOVE = YES;
				CLANG_WARN_UNGUARDED_AVAILABILITY = YES_AGGRESSIVE;
				CLANG_WARN_UNREACHABLE_CODE = YES;
				CLANG_WARN__DUPLICATE_METHOD_MATCH = YES;
				COPY_PHASE_STRIP = NO;
				DEBUG_INFORMATION_FORMAT = "dwarf-with-dsym";
				ENABLE_NS_ASSERTIONS = NO;
				ENABLE_STRICT_OBJC_MSGSEND = YES;
				GCC_C_LANGUAGE_STANDARD = gnu11;
				GCC_NO_COMMON_BLOCKS = YES;
				GCC_WARN_64_TO_32_BIT_CONVERSION = YES;
				GCC_WARN_ABOUT_RETURN_TYPE = YES_ERROR;
				GCC_WARN_UNDECLARED_SELECTOR = YES;
				GCC_WARN_UNINITIALIZED_AUTOS = YES_AGGRESSIVE;
				GCC_WARN_UNUSED_FUNCTION = YES;
				GCC_WARN_UNUSED_VARIABLE = YES;
				MTL_ENABLE_DEBUG_INFO = NO;
				MTL_FAST_MATH = YES;
				SDKROOT = iphoneos;
				SWIFT_COMPILATION_MODE = wholemodule;
				SWIFT_OPTIMIZATION_LEVEL = "-O";
				VALIDATE_PRODUCT = YES;
			};
			name = Release;
		};
		4B4A3859253D6D2200726323 /* Debug */ = {
			isa = XCBuildConfiguration;
			buildSettings = {
				ASSETCATALOG_COMPILER_COMPLICATION_NAME = Complication;
				CODE_SIGN_STYLE = Automatic;
				DEVELOPMENT_ASSET_PATHS = "\"watchOSPlayground WatchKit Extension/Preview Content\"";
				DEVELOPMENT_TEAM = 9969WV42RB;
				ENABLE_PREVIEWS = YES;
				INFOPLIST_FILE = "watchOSPlayground WatchKit Extension/Info.plist";
				LD_RUNPATH_SEARCH_PATHS = (
					"$(inherited)",
					"@executable_path/Frameworks",
					"@executable_path/../../Frameworks",
				);
				PRODUCT_BUNDLE_IDENTIFIER = com.sammalcolmmedia.watchOSPlayground.watchkitapp.watchkitextension;
				PRODUCT_NAME = "${TARGET_NAME}";
				SDKROOT = watchos;
				SKIP_INSTALL = YES;
				SWIFT_VERSION = 5.0;
				TARGETED_DEVICE_FAMILY = 4;
				WATCHOS_DEPLOYMENT_TARGET = 7.0;
			};
			name = Debug;
		};
		4B4A385A253D6D2200726323 /* Release */ = {
			isa = XCBuildConfiguration;
			buildSettings = {
				ASSETCATALOG_COMPILER_COMPLICATION_NAME = Complication;
				CODE_SIGN_STYLE = Automatic;
				DEVELOPMENT_ASSET_PATHS = "\"watchOSPlayground WatchKit Extension/Preview Content\"";
				DEVELOPMENT_TEAM = 9969WV42RB;
				ENABLE_PREVIEWS = YES;
				INFOPLIST_FILE = "watchOSPlayground WatchKit Extension/Info.plist";
				LD_RUNPATH_SEARCH_PATHS = (
					"$(inherited)",
					"@executable_path/Frameworks",
					"@executable_path/../../Frameworks",
				);
				PRODUCT_BUNDLE_IDENTIFIER = com.sammalcolmmedia.watchOSPlayground.watchkitapp.watchkitextension;
				PRODUCT_NAME = "${TARGET_NAME}";
				SDKROOT = watchos;
				SKIP_INSTALL = YES;
				SWIFT_VERSION = 5.0;
				TARGETED_DEVICE_FAMILY = 4;
				WATCHOS_DEPLOYMENT_TARGET = 7.0;
			};
			name = Release;
		};
		4B4A385D253D6D2200726323 /* Debug */ = {
			isa = XCBuildConfiguration;
			buildSettings = {
				ALWAYS_EMBED_SWIFT_STANDARD_LIBRARIES = YES;
				ASSETCATALOG_COMPILER_APPICON_NAME = AppIcon;
				ASSETCATALOG_COMPILER_GLOBAL_ACCENT_COLOR_NAME = AccentColor;
				CODE_SIGN_STYLE = Automatic;
				DEVELOPMENT_TEAM = 9969WV42RB;
				IBSC_MODULE = watchOSPlayground_WatchKit_Extension;
				INFOPLIST_FILE = "watchOSPlayground WatchKit App/Info.plist";
				PRODUCT_BUNDLE_IDENTIFIER = com.sammalcolmmedia.watchOSPlayground.watchkitapp;
				PRODUCT_NAME = "$(TARGET_NAME)";
				SDKROOT = watchos;
				SKIP_INSTALL = YES;
				SWIFT_VERSION = 5.0;
				TARGETED_DEVICE_FAMILY = 4;
				WATCHOS_DEPLOYMENT_TARGET = 7.0;
			};
			name = Debug;
		};
		4B4A385E253D6D2200726323 /* Release */ = {
			isa = XCBuildConfiguration;
			buildSettings = {
				ALWAYS_EMBED_SWIFT_STANDARD_LIBRARIES = YES;
				ASSETCATALOG_COMPILER_APPICON_NAME = AppIcon;
				ASSETCATALOG_COMPILER_GLOBAL_ACCENT_COLOR_NAME = AccentColor;
				CODE_SIGN_STYLE = Automatic;
				DEVELOPMENT_TEAM = 9969WV42RB;
				IBSC_MODULE = watchOSPlayground_WatchKit_Extension;
				INFOPLIST_FILE = "watchOSPlayground WatchKit App/Info.plist";
				PRODUCT_BUNDLE_IDENTIFIER = com.sammalcolmmedia.watchOSPlayground.watchkitapp;
				PRODUCT_NAME = "$(TARGET_NAME)";
				SDKROOT = watchos;
				SKIP_INSTALL = YES;
				SWIFT_VERSION = 5.0;
				TARGETED_DEVICE_FAMILY = 4;
				WATCHOS_DEPLOYMENT_TARGET = 7.0;
			};
			name = Release;
		};
		4B4A3861253D6D2200726323 /* Debug */ = {
			isa = XCBuildConfiguration;
			buildSettings = {
				CODE_SIGN_STYLE = Automatic;
				CURRENT_PROJECT_VERSION = 1;
				DEVELOPMENT_TEAM = 9969WV42RB;
				MARKETING_VERSION = 1.0;
				PRODUCT_BUNDLE_IDENTIFIER = com.sammalcolmmedia.watchOSPlayground;
				PRODUCT_NAME = "$(TARGET_NAME)";
				SWIFT_VERSION = 5.0;
			};
			name = Debug;
		};
		4B4A3862253D6D2200726323 /* Release */ = {
			isa = XCBuildConfiguration;
			buildSettings = {
				CODE_SIGN_STYLE = Automatic;
				CURRENT_PROJECT_VERSION = 1;
				DEVELOPMENT_TEAM = 9969WV42RB;
				MARKETING_VERSION = 1.0;
				PRODUCT_BUNDLE_IDENTIFIER = com.sammalcolmmedia.watchOSPlayground;
				PRODUCT_NAME = "$(TARGET_NAME)";
				SWIFT_VERSION = 5.0;
			};
			name = Release;
		};
/* End XCBuildConfiguration section */

/* Begin XCConfigurationList section */
		4B4A382D253D6D1F00726323 /* Build configuration list for PBXProject "watchOSPlayground" */ = {
			isa = XCConfigurationList;
			buildConfigurations = (
				4B4A3856253D6D2200726323 /* Debug */,
				4B4A3857253D6D2200726323 /* Release */,
			);
			defaultConfigurationIsVisible = 0;
			defaultConfigurationName = Release;
		};
		4B4A3858253D6D2200726323 /* Build configuration list for PBXNativeTarget "watchOSPlayground WatchKit Extension" */ = {
			isa = XCConfigurationList;
			buildConfigurations = (
				4B4A3859253D6D2200726323 /* Debug */,
				4B4A385A253D6D2200726323 /* Release */,
			);
			defaultConfigurationIsVisible = 0;
			defaultConfigurationName = Release;
		};
		4B4A385C253D6D2200726323 /* Build configuration list for PBXNativeTarget "watchOSPlayground WatchKit App" */ = {
			isa = XCConfigurationList;
			buildConfigurations = (
				4B4A385D253D6D2200726323 /* Debug */,
				4B4A385E253D6D2200726323 /* Release */,
			);
			defaultConfigurationIsVisible = 0;
			defaultConfigurationName = Release;
		};
		4B4A3860253D6D2200726323 /* Build configuration list for PBXNativeTarget "watchOSPlayground" */ = {
			isa = XCConfigurationList;
			buildConfigurations = (
				4B4A3861253D6D2200726323 /* Debug */,
				4B4A3862253D6D2200726323 /* Release */,
			);
			defaultConfigurationIsVisible = 0;
			defaultConfigurationName = Release;
		};
/* End XCConfigurationList section */
	};
	rootObject = 4B4A382A253D6D1F00726323 /* Project object */;
}
